// !$*UTF8*$!
{
	archiveVersion = 1;
	classes = {
	};
	objectVersion = 50;
	objects = {

/* Begin PBXBuildFile section */
		7F9BDA21274B405900FB56B3 /* OurTeamSeisakuApp.swift in Sources */ = {isa = PBXBuildFile; fileRef = 7F9BDA20274B405900FB56B3 /* OurTeamSeisakuApp.swift */; };
		7F9BDA25274B405D00FB56B3 /* Assets.xcassets in Resources */ = {isa = PBXBuildFile; fileRef = 7F9BDA24274B405D00FB56B3 /* Assets.xcassets */; };
		7F9BDA28274B405D00FB56B3 /* Preview Assets.xcassets in Resources */ = {isa = PBXBuildFile; fileRef = 7F9BDA27274B405D00FB56B3 /* Preview Assets.xcassets */; };
		7F9BDA31274B407A00FB56B3 /* titleView.swift in Sources */ = {isa = PBXBuildFile; fileRef = 7F9BDA30274B407A00FB56B3 /* titleView.swift */; };
		7F9BDA35274B409900FB56B3 /* homeView.swift in Sources */ = {isa = PBXBuildFile; fileRef = 7F9BDA34274B409900FB56B3 /* homeView.swift */; };
		7F9BDA38274B40A600FB56B3 /* logView.swift in Sources */ = {isa = PBXBuildFile; fileRef = 7F9BDA37274B40A600FB56B3 /* logView.swift */; };
		7F9BDA3E274B420D00FB56B3 /* mainView.swift in Sources */ = {isa = PBXBuildFile; fileRef = 7F9BDA3D274B420D00FB56B3 /* mainView.swift */; };
		7F9BDA47274B650400FB56B3 /* menuButtonView.swift in Sources */ = {isa = PBXBuildFile; fileRef = 7F9BDA46274B650400FB56B3 /* menuButtonView.swift */; };
		7FA4AAF22756610A00C86539 /* Newton.swift in Sources */ = {isa = PBXBuildFile; fileRef = 7FA4AAF12756610A00C86539 /* Newton.swift */; };
		7FC549E0275B4B8C00B0386B /* ViewModel.swift in Sources */ = {isa = PBXBuildFile; fileRef = 7FC549DF275B4B8C00B0386B /* ViewModel.swift */; };
		7FC549E2275B6EED00B0386B /* GameSetting.swift in Sources */ = {isa = PBXBuildFile; fileRef = 7FC549E1275B6EED00B0386B /* GameSetting.swift */; };
		7FDCC4BB275B89E800C4D197 /* GameSettingViewModel.swift in Sources */ = {isa = PBXBuildFile; fileRef = 7FDCC4BA275B89E800C4D197 /* GameSettingViewModel.swift */; };
		7FDCC4BD275B8B8C00C4D197 /* Setting.swift in Sources */ = {isa = PBXBuildFile; fileRef = 7FDCC4BC275B8B8C00C4D197 /* Setting.swift */; };
/* End PBXBuildFile section */

/* Begin PBXFileReference section */
		7F9BDA1D274B405900FB56B3 /* OurTeamSeisaku.app */ = {isa = PBXFileReference; explicitFileType = wrapper.application; includeInIndex = 0; path = OurTeamSeisaku.app; sourceTree = BUILT_PRODUCTS_DIR; };
		7F9BDA20274B405900FB56B3 /* OurTeamSeisakuApp.swift */ = {isa = PBXFileReference; lastKnownFileType = sourcecode.swift; path = OurTeamSeisakuApp.swift; sourceTree = "<group>"; };
		7F9BDA24274B405D00FB56B3 /* Assets.xcassets */ = {isa = PBXFileReference; lastKnownFileType = folder.assetcatalog; path = Assets.xcassets; sourceTree = "<group>"; };
		7F9BDA27274B405D00FB56B3 /* Preview Assets.xcassets */ = {isa = PBXFileReference; lastKnownFileType = folder.assetcatalog; path = "Preview Assets.xcassets"; sourceTree = "<group>"; };
		7F9BDA29274B405D00FB56B3 /* Info.plist */ = {isa = PBXFileReference; lastKnownFileType = text.plist.xml; path = Info.plist; sourceTree = "<group>"; };
		7F9BDA30274B407A00FB56B3 /* titleView.swift */ = {isa = PBXFileReference; lastKnownFileType = sourcecode.swift; path = titleView.swift; sourceTree = "<group>"; };
		7F9BDA34274B409900FB56B3 /* homeView.swift */ = {isa = PBXFileReference; lastKnownFileType = sourcecode.swift; path = homeView.swift; sourceTree = "<group>"; };
		7F9BDA37274B40A600FB56B3 /* logView.swift */ = {isa = PBXFileReference; lastKnownFileType = sourcecode.swift; path = logView.swift; sourceTree = "<group>"; };
		7F9BDA3D274B420D00FB56B3 /* mainView.swift */ = {isa = PBXFileReference; lastKnownFileType = sourcecode.swift; path = mainView.swift; sourceTree = "<group>"; };
		7F9BDA46274B650400FB56B3 /* menuButtonView.swift */ = {isa = PBXFileReference; lastKnownFileType = sourcecode.swift; path = menuButtonView.swift; sourceTree = "<group>"; };
		7FA4AAF12756610A00C86539 /* Newton.swift */ = {isa = PBXFileReference; lastKnownFileType = sourcecode.swift; path = Newton.swift; sourceTree = "<group>"; };
		7FC549DF275B4B8C00B0386B /* ViewModel.swift */ = {isa = PBXFileReference; lastKnownFileType = sourcecode.swift; path = ViewModel.swift; sourceTree = "<group>"; };
		7FC549E1275B6EED00B0386B /* GameSetting.swift */ = {isa = PBXFileReference; lastKnownFileType = sourcecode.swift; path = GameSetting.swift; sourceTree = "<group>"; };
		7FDCC4BA275B89E800C4D197 /* GameSettingViewModel.swift */ = {isa = PBXFileReference; lastKnownFileType = sourcecode.swift; path = GameSettingViewModel.swift; sourceTree = "<group>"; };
		7FDCC4BC275B8B8C00C4D197 /* Setting.swift */ = {isa = PBXFileReference; lastKnownFileType = sourcecode.swift; path = Setting.swift; sourceTree = "<group>"; };
/* End PBXFileReference section */

/* Begin PBXFrameworksBuildPhase section */
		7F9BDA1A274B405900FB56B3 /* Frameworks */ = {
			isa = PBXFrameworksBuildPhase;
			buildActionMask = 2147483647;
			files = (
			);
			runOnlyForDeploymentPostprocessing = 0;
		};
/* End PBXFrameworksBuildPhase section */

/* Begin PBXGroup section */
		7F9BDA14274B405900FB56B3 = {
			isa = PBXGroup;
			children = (
				7F9BDA1F274B405900FB56B3 /* OurTeamSeisaku */,
				7F9BDA1E274B405900FB56B3 /* Products */,
			);
			sourceTree = "<group>";
		};
		7F9BDA1E274B405900FB56B3 /* Products */ = {
			isa = PBXGroup;
			children = (
				7F9BDA1D274B405900FB56B3 /* OurTeamSeisaku.app */,
			);
			name = Products;
			sourceTree = "<group>";
		};
		7F9BDA1F274B405900FB56B3 /* OurTeamSeisaku */ = {
			isa = PBXGroup;
			children = (
				7F9BDA20274B405900FB56B3 /* OurTeamSeisakuApp.swift */,
				7F9BDA3D274B420D00FB56B3 /* mainView.swift */,
				7F9BDA30274B407A00FB56B3 /* titleView.swift */,
				7F9BDA34274B409900FB56B3 /* homeView.swift */,
				7F9BDA37274B40A600FB56B3 /* logView.swift */,
				7FC549E1275B6EED00B0386B /* GameSetting.swift */,
				7FA4AAF12756610A00C86539 /* Newton.swift */,
				7FC549DF275B4B8C00B0386B /* ViewModel.swift */,
				7F9BDA46274B650400FB56B3 /* menuButtonView.swift */,
				7FDCC4B9275B89C000C4D197 /* Settings */,
				7F9BDA24274B405D00FB56B3 /* Assets.xcassets */,
				7F9BDA29274B405D00FB56B3 /* Info.plist */,
				7F9BDA26274B405D00FB56B3 /* Preview Content */,
			);
			path = OurTeamSeisaku;
			sourceTree = "<group>";
		};
		7F9BDA26274B405D00FB56B3 /* Preview Content */ = {
			isa = PBXGroup;
			children = (
				7F9BDA27274B405D00FB56B3 /* Preview Assets.xcassets */,
			);
			path = "Preview Content";
			sourceTree = "<group>";
		};
		7FDCC4B9275B89C000C4D197 /* Settings */ = {
			isa = PBXGroup;
			children = (
				7FDCC4BA275B89E800C4D197 /* GameSettingViewModel.swift */,
				7FDCC4BC275B8B8C00C4D197 /* Setting.swift */,
			);
			path = Settings;
			sourceTree = "<group>";
		};
/* End PBXGroup section */

/* Begin PBXNativeTarget section */
		7F9BDA1C274B405900FB56B3 /* OurTeamSeisaku */ = {
			isa = PBXNativeTarget;
			buildConfigurationList = 7F9BDA2C274B405D00FB56B3 /* Build configuration list for PBXNativeTarget "OurTeamSeisaku" */;
			buildPhases = (
				7F9BDA19274B405900FB56B3 /* Sources */,
				7F9BDA1A274B405900FB56B3 /* Frameworks */,
				7F9BDA1B274B405900FB56B3 /* Resources */,
			);
			buildRules = (
			);
			dependencies = (
			);
			name = OurTeamSeisaku;
			productName = OurTeamSeisaku;
			productReference = 7F9BDA1D274B405900FB56B3 /* OurTeamSeisaku.app */;
			productType = "com.apple.product-type.application";
		};
/* End PBXNativeTarget section */

/* Begin PBXProject section */
		7F9BDA15274B405900FB56B3 /* Project object */ = {
			isa = PBXProject;
			attributes = {
				LastSwiftUpdateCheck = 1240;
				LastUpgradeCheck = 1240;
				TargetAttributes = {
					7F9BDA1C274B405900FB56B3 = {
						CreatedOnToolsVersion = 12.4;
					};
				};
			};
			buildConfigurationList = 7F9BDA18274B405900FB56B3 /* Build configuration list for PBXProject "OurTeamSeisaku" */;
			compatibilityVersion = "Xcode 9.3";
			developmentRegion = en;
			hasScannedForEncodings = 0;
			knownRegions = (
				en,
				Base,
			);
			mainGroup = 7F9BDA14274B405900FB56B3;
			productRefGroup = 7F9BDA1E274B405900FB56B3 /* Products */;
			projectDirPath = "";
			projectRoot = "";
			targets = (
				7F9BDA1C274B405900FB56B3 /* OurTeamSeisaku */,
			);
		};
/* End PBXProject section */

/* Begin PBXResourcesBuildPhase section */
		7F9BDA1B274B405900FB56B3 /* Resources */ = {
			isa = PBXResourcesBuildPhase;
			buildActionMask = 2147483647;
			files = (
				7F9BDA28274B405D00FB56B3 /* Preview Assets.xcassets in Resources */,
				7F9BDA25274B405D00FB56B3 /* Assets.xcassets in Resources */,
			);
			runOnlyForDeploymentPostprocessing = 0;
		};
/* End PBXResourcesBuildPhase section */

/* Begin PBXSourcesBuildPhase section */
		7F9BDA19274B405900FB56B3 /* Sources */ = {
			isa = PBXSourcesBuildPhase;
			buildActionMask = 2147483647;
			files = (
				7FDCC4BD275B8B8C00C4D197 /* Setting.swift in Sources */,
				7F9BDA21274B405900FB56B3 /* OurTeamSeisakuApp.swift in Sources */,
				7FC549E2275B6EED00B0386B /* GameSetting.swift in Sources */,
				7F9BDA38274B40A600FB56B3 /* logView.swift in Sources */,
				7FA4AAF22756610A00C86539 /* Newton.swift in Sources */,
				7F9BDA31274B407A00FB56B3 /* titleView.swift in Sources */,
				7F9BDA3E274B420D00FB56B3 /* mainView.swift in Sources */,
				7F9BDA35274B409900FB56B3 /* homeView.swift in Sources */,
				7FDCC4BB275B89E800C4D197 /* GameSettingViewModel.swift in Sources */,
				7FC549E0275B4B8C00B0386B /* ViewModel.swift in Sources */,
				7F9BDA47274B650400FB56B3 /* menuButtonView.swift in Sources */,
			);
			runOnlyForDeploymentPostprocessing = 0;
		};
/* End PBXSourcesBuildPhase section */

/* Begin XCBuildConfiguration section */
		7F9BDA2A274B405D00FB56B3 /* Debug */ = {
			isa = XCBuildConfiguration;
			buildSettings = {
				ALWAYS_SEARCH_USER_PATHS = NO;
				CLANG_ANALYZER_NONNULL = YES;
				CLANG_ANALYZER_NUMBER_OBJECT_CONVERSION = YES_AGGRESSIVE;
				CLANG_CXX_LANGUAGE_STANDARD = "gnu++14";
				CLANG_CXX_LIBRARY = "libc++";
				CLANG_ENABLE_MODULES = YES;
				CLANG_ENABLE_OBJC_ARC = YES;
				CLANG_ENABLE_OBJC_WEAK = YES;
				CLANG_WARN_BLOCK_CAPTURE_AUTORELEASING = YES;
				CLANG_WARN_BOOL_CONVERSION = YES;
				CLANG_WARN_COMMA = YES;
				CLANG_WARN_CONSTANT_CONVERSION = YES;
				CLANG_WARN_DEPRECATED_OBJC_IMPLEMENTATIONS = YES;
				CLANG_WARN_DIRECT_OBJC_ISA_USAGE = YES_ERROR;
				CLANG_WARN_DOCUMENTATION_COMMENTS = YES;
				CLANG_WARN_EMPTY_BODY = YES;
				CLANG_WARN_ENUM_CONVERSION = YES;
				CLANG_WARN_INFINITE_RECURSION = YES;
				CLANG_WARN_INT_CONVERSION = YES;
				CLANG_WARN_NON_LITERAL_NULL_CONVERSION = YES;
				CLANG_WARN_OBJC_IMPLICIT_RETAIN_SELF = YES;
				CLANG_WARN_OBJC_LITERAL_CONVERSION = YES;
				CLANG_WARN_OBJC_ROOT_CLASS = YES_ERROR;
				CLANG_WARN_QUOTED_INCLUDE_IN_FRAMEWORK_HEADER = YES;
				CLANG_WARN_RANGE_LOOP_ANALYSIS = YES;
				CLANG_WARN_STRICT_PROTOTYPES = YES;
				CLANG_WARN_SUSPICIOUS_MOVE = YES;
				CLANG_WARN_UNGUARDED_AVAILABILITY = YES_AGGRESSIVE;
				CLANG_WARN_UNREACHABLE_CODE = YES;
				CLANG_WARN__DUPLICATE_METHOD_MATCH = YES;
				COPY_PHASE_STRIP = NO;
				DEBUG_INFORMATION_FORMAT = dwarf;
				ENABLE_STRICT_OBJC_MSGSEND = YES;
				ENABLE_TESTABILITY = YES;
				GCC_C_LANGUAGE_STANDARD = gnu11;
				GCC_DYNAMIC_NO_PIC = NO;
				GCC_NO_COMMON_BLOCKS = YES;
				GCC_OPTIMIZATION_LEVEL = 0;
				GCC_PREPROCESSOR_DEFINITIONS = (
					"DEBUG=1",
					"$(inherited)",
				);
				GCC_WARN_64_TO_32_BIT_CONVERSION = YES;
				GCC_WARN_ABOUT_RETURN_TYPE = YES_ERROR;
				GCC_WARN_UNDECLARED_SELECTOR = YES;
				GCC_WARN_UNINITIALIZED_AUTOS = YES_AGGRESSIVE;
				GCC_WARN_UNUSED_FUNCTION = YES;
				GCC_WARN_UNUSED_VARIABLE = YES;
				IPHONEOS_DEPLOYMENT_TARGET = 14.4;
				MTL_ENABLE_DEBUG_INFO = INCLUDE_SOURCE;
				MTL_FAST_MATH = YES;
				ONLY_ACTIVE_ARCH = YES;
				SDKROOT = iphoneos;
				SWIFT_ACTIVE_COMPILATION_CONDITIONS = DEBUG;
				SWIFT_OPTIMIZATION_LEVEL = "-Onone";
			};
			name = Debug;
		};
		7F9BDA2B274B405D00FB56B3 /* Release */ = {
			isa = XCBuildConfiguration;
			buildSettings = {
				ALWAYS_SEARCH_USER_PATHS = NO;
				CLANG_ANALYZER_NONNULL = YES;
				CLANG_ANALYZER_NUMBER_OBJECT_CONVERSION = YES_AGGRESSIVE;
				CLANG_CXX_LANGUAGE_STANDARD = "gnu++14";
				CLANG_CXX_LIBRARY = "libc++";
				CLANG_ENABLE_MODULES = YES;
				CLANG_ENABLE_OBJC_ARC = YES;
				CLANG_ENABLE_OBJC_WEAK = YES;
				CLANG_WARN_BLOCK_CAPTURE_AUTORELEASING = YES;
				CLANG_WARN_BOOL_CONVERSION = YES;
				CLANG_WARN_COMMA = YES;
				CLANG_WARN_CONSTANT_CONVERSION = YES;
				CLANG_WARN_DEPRECATED_OBJC_IMPLEMENTATIONS = YES;
				CLANG_WARN_DIRECT_OBJC_ISA_USAGE = YES_ERROR;
				CLANG_WARN_DOCUMENTATION_COMMENTS = YES;
				CLANG_WARN_EMPTY_BODY = YES;
				CLANG_WARN_ENUM_CONVERSION = YES;
				CLANG_WARN_INFINITE_RECURSION = YES;
				CLANG_WARN_INT_CONVERSION = YES;
				CLANG_WARN_NON_LITERAL_NULL_CONVERSION = YES;
				CLANG_WARN_OBJC_IMPLICIT_RETAIN_SELF = YES;
				CLANG_WARN_OBJC_LITERAL_CONVERSION = YES;
				CLANG_WARN_OBJC_ROOT_CLASS = YES_ERROR;
				CLANG_WARN_QUOTED_INCLUDE_IN_FRAMEWORK_HEADER = YES;
				CLANG_WARN_RANGE_LOOP_ANALYSIS = YES;
				CLANG_WARN_STRICT_PROTOTYPES = YES;
				CLANG_WARN_SUSPICIOUS_MOVE = YES;
				CLANG_WARN_UNGUARDED_AVAILABILITY = YES_AGGRESSIVE;
				CLANG_WARN_UNREACHABLE_CODE = YES;
				CLANG_WARN__DUPLICATE_METHOD_MATCH = YES;
				COPY_PHASE_STRIP = NO;
				DEBUG_INFORMATION_FORMAT = "dwarf-with-dsym";
				ENABLE_NS_ASSERTIONS = NO;
				ENABLE_STRICT_OBJC_MSGSEND = YES;
				GCC_C_LANGUAGE_STANDARD = gnu11;
				GCC_NO_COMMON_BLOCKS = YES;
				GCC_WARN_64_TO_32_BIT_CONVERSION = YES;
				GCC_WARN_ABOUT_RETURN_TYPE = YES_ERROR;
				GCC_WARN_UNDECLARED_SELECTOR = YES;
				GCC_WARN_UNINITIALIZED_AUTOS = YES_AGGRESSIVE;
				GCC_WARN_UNUSED_FUNCTION = YES;
				GCC_WARN_UNUSED_VARIABLE = YES;
				IPHONEOS_DEPLOYMENT_TARGET = 14.4;
				MTL_ENABLE_DEBUG_INFO = NO;
				MTL_FAST_MATH = YES;
				SDKROOT = iphoneos;
				SWIFT_COMPILATION_MODE = wholemodule;
				SWIFT_OPTIMIZATION_LEVEL = "-O";
				VALIDATE_PRODUCT = YES;
			};
			name = Release;
		};
		7F9BDA2D274B405D00FB56B3 /* Debug */ = {
			isa = XCBuildConfiguration;
			buildSettings = {
				ASSETCATALOG_COMPILER_APPICON_NAME = AppIcon;
				ASSETCATALOG_COMPILER_GLOBAL_ACCENT_COLOR_NAME = AccentColor;
				CODE_SIGN_STYLE = Automatic;
				DEVELOPMENT_ASSET_PATHS = "\"OurTeamSeisaku/Preview Content\"";
				DEVELOPMENT_TEAM = DN9W3Q5C4K;
				ENABLE_PREVIEWS = YES;
				INFOPLIST_FILE = OurTeamSeisaku/Info.plist;
				IPHONEOS_DEPLOYMENT_TARGET = 14.0;
				LD_RUNPATH_SEARCH_PATHS = (
					"$(inherited)",
					"@executable_path/Frameworks",
				);
				PRODUCT_BUNDLE_IDENTIFIER = jp.ac.jec.cm.OurTeamSeisaku;
				PRODUCT_NAME = "$(TARGET_NAME)";
				SWIFT_VERSION = 5.0;
				TARGETED_DEVICE_FAMILY = "1,2";
			};
			name = Debug;
		};
		7F9BDA2E274B405D00FB56B3 /* Release */ = {
			isa = XCBuildConfiguration;
			buildSettings = {
				ASSETCATALOG_COMPILER_APPICON_NAME = AppIcon;
				ASSETCATALOG_COMPILER_GLOBAL_ACCENT_COLOR_NAME = AccentColor;
				CODE_SIGN_STYLE = Automatic;
				DEVELOPMENT_ASSET_PATHS = "\"OurTeamSeisaku/Preview Content\"";
				DEVELOPMENT_TEAM = DN9W3Q5C4K;
				ENABLE_PREVIEWS = YES;
				INFOPLIST_FILE = OurTeamSeisaku/Info.plist;
				IPHONEOS_DEPLOYMENT_TARGET = 14.0;
				LD_RUNPATH_SEARCH_PATHS = (
					"$(inherited)",
					"@executable_path/Frameworks",
				);
				PRODUCT_BUNDLE_IDENTIFIER = jp.ac.jec.cm.OurTeamSeisaku;
				PRODUCT_NAME = "$(TARGET_NAME)";
				SWIFT_VERSION = 5.0;
				TARGETED_DEVICE_FAMILY = "1,2";
			};
			name = Release;
		};
/* End XCBuildConfiguration section */

/* Begin XCConfigurationList section */
		7F9BDA18274B405900FB56B3 /* Build configuration list for PBXProject "OurTeamSeisaku" */ = {
			isa = XCConfigurationList;
			buildConfigurations = (
				7F9BDA2A274B405D00FB56B3 /* Debug */,
				7F9BDA2B274B405D00FB56B3 /* Release */,
			);
			defaultConfigurationIsVisible = 0;
			defaultConfigurationName = Release;
		};
		7F9BDA2C274B405D00FB56B3 /* Build configuration list for PBXNativeTarget "OurTeamSeisaku" */ = {
			isa = XCConfigurationList;
			buildConfigurations = (
				7F9BDA2D274B405D00FB56B3 /* Debug */,
				7F9BDA2E274B405D00FB56B3 /* Release */,
			);
			defaultConfigurationIsVisible = 0;
			defaultConfigurationName = Release;
		};
/* End XCConfigurationList section */
	};
	rootObject = 7F9BDA15274B405900FB56B3 /* Project object */;
}
